
Microsoft Visual Studio Solution File, Format Version 12.00
# Visual Studio 2012
Project("{FAE04EC0-301F-11D3-BF4B-00C04F79EFBC}") = "QuanLyQuanBida", "demo23\QuanLyQuanBida.csproj", "{D407B216-AD8A-4BA5-A4AB-B4425442D0DE}"
EndProject
Project("{FAE04EC0-301F-11D3-BF4B-00C04F79EFBC}") = "QuanBida", "QuanBida\QuanBida.csproj", "{A1344970-E976-404E-86CE-94C8B71EA0B6}"
EndProject
Project("{FAE04EC0-301F-11D3-BF4B-00C04F79EFBC}") = "XuLy", "XuLy\XuLy.csproj", "{62FCB1E3-5ADA-42D2-A7F5-204112AACC94}"
EndProject
Global
	GlobalSection(SolutionConfigurationPlatforms) = preSolution
		Debug|Any CPU = Debug|Any CPU
		Release|Any CPU = Release|Any CPU
	EndGlobalSection
	GlobalSection(ProjectConfigurationPlatforms) = postSolution
		{D407B216-AD8A-4BA5-A4AB-B4425442D0DE}.Debug|Any CPU.ActiveCfg = Debug|Any CPU
		{D407B216-AD8A-4BA5-A4AB-B4425442D0DE}.Debug|Any CPU.Build.0 = Debug|Any CPU
		{D407B216-AD8A-4BA5-A4AB-B4425442D0DE}.Release|Any CPU.ActiveCfg = Release|Any CPU
		{D407B216-AD8A-4BA5-A4AB-B4425442D0DE}.Release|Any CPU.Build.0 = Release|Any CPU
		{A1344970-E976-404E-86CE-94C8B71EA0B6}.Debug|Any CPU.ActiveCfg = Debug|Any CPU
		{A1344970-E976-404E-86CE-94C8B71EA0B6}.Debug|Any CPU.Build.0 = Debug|Any CPU
		{A1344970-E976-404E-86CE-94C8B71EA0B6}.Release|Any CPU.ActiveCfg = Release|Any CPU
		{A1344970-E976-404E-86CE-94C8B71EA0B6}.Release|Any CPU.Build.0 = Release|Any CPU
		{62FCB1E3-5ADA-42D2-A7F5-204112AACC94}.Debug|Any CPU.ActiveCfg = Debug|Any CPU
		{62FCB1E3-5ADA-42D2-A7F5-204112AACC94}.Debug|Any CPU.Build.0 = Debug|Any CPU
		{62FCB1E3-5ADA-42D2-A7F5-204112AACC94}.Release|Any CPU.ActiveCfg = Release|Any CPU
		{62FCB1E3-5ADA-42D2-A7F5-204112AACC94}.Release|Any CPU.Build.0 = Release|Any CPU
	EndGlobalSection
	GlobalSection(SolutionProperties) = preSolution
		HideSolutionNode = FALSE
	EndGlobalSection
EndGlobal
